github.com/nexssp/kernel v0.14.0 h1:D1GXYgcSTdmpzhoV/X7D810xT5GiAbB+pk4bPFT2mfg=
github.com/nexssp/kernel v0.14.0/go.mod h1:gLyh+67KWqJsj0YTMijJyfjh7NGN58pqjRmEdFd1VO0=
github.com/nexssp/testkit v0.3.3 h1:9fxlinjLUQXz0KA0/PVWkTPy2xy3NF6OYvM76PrFmEs=
github.com/nexssp/testkit v0.3.3/go.mod h1:D4KTtwtSbDD52rrqvu1a4NftfJf6rCzEwn49s7sHTuU=
github.com/nexssp/transport v0.3.2 h1:RPx+0axEQAFN7iy8tkhMJ4INqKkMdQppXNYxZ6eNPWc=
github.com/nexssp/transport v0.3.2/go.mod h1:z5umlEodiMkDYVqCnQ3LL8fLswjJ3KRTtgP1hqjYu88=
golang.org/x/sync v0.23.0 h1:KameEIfc1IkluZyXWLn39Wd4tURc6GbCiISGiZm2bQk=
golang.org/x/sync v0.23.0/go.mod h1:sUUOizhqBxiL6pEWpqNLUiaJn1ShEbZ6BBqskPbjZm0=
golang.org/x/time v0.16.0 h1:vMb6ptszcQMkcwiRTAuNNU50gom6++Q/6gY2hDM6VDE=
golang.org/x/time v0.16.0/go.mod h1:rVKOqvZeKvrDKTQiAHJ7wmwP0RzleSphoEA9RcdLA0s=
