github.com/google/uuid v1.6.0 h1:NIvaJDMOsjHA8n1jAhLSgzrAzy1Hgr+hNrb57e+94F0=
github.com/google/uuid v1.6.0/go.mod h1:TIyPZe4MgqvfeYDBFedMoGGpEw/LqOeaOT+nhxU+yHo=
github.com/nexssp/kernel v0.2.0 h1:zzowW45c/YLZWwOP5V795U8TOiQh9APOXNGt19R0gic=
github.com/nexssp/kernel v0.2.0/go.mod h1:4+7o1mgE9Ie6BhyG/SbrwFhPkQ0zpJxLQbtHrDVgqAE=
github.com/nexssp/testkit v0.2.0 h1:j3Xt+20HG08nPHo5+Nf9ClMx11hEfP9iJ+dMCUTOJOk=
github.com/nexssp/testkit v0.2.0/go.mod h1:EoWmWN3NFOmZlvrCSOeFSb+kpiB2Cj7ycSzkadOtbzs=
github.com/nexssp/transport v0.1.1 h1:HySh2/nfbwI4yLLLLw/03aJVwsOALSPPIP9b2meOIWM=
github.com/nexssp/transport v0.1.1/go.mod h1:OC0dUTpbsk+nFAv3xqk/Ffp7CATtvTgs0R5I/dFomSs=
github.com/robfig/cron/v3 v3.0.1 h1:WdRxkvbJztn8LMz/QEvLN5sBU+xKpSqwwUO1Pjr4qDs=
github.com/robfig/cron/v3 v3.0.1/go.mod h1:eQICP3HwyT7UooqI/z+Ov+PtYAWygg1TEWWzGIFLtro=
golang.org/x/sync v0.22.0 h1:SZjpbeLmrCk4xhRSZFNZW5gFUeCeFgjekvI/+gfScek=
golang.org/x/sync v0.22.0/go.mod h1:9xrNwdLfx4jkKbNva9FpL6vEN7evnE43NNNJQ2LF3+0=
golang.org/x/time v0.15.0 h1:bbrp8t3bGUeFOx08pvsMYRTCVSMk89u4tKbNOZbp88U=
golang.org/x/time v0.15.0/go.mod h1:Y4YMaQmXwGQZoFaVFk4YpCt4FLQMYKZe9oeV/f4MSno=
